
Microsoft Visual Studio Solution File, Format Version 12.00
# Visual Studio 15
VisualStudioVersion = 15.0.28307.1022
MinimumVisualStudioVersion = 10.0.40219.1
Project("{8BC9CEB8-8B4A-11D0-8D11-00A0C91BC942}") = "ESP8266_Swimming_Pool_Controller", "ESP8266_Swimming_Pool_Controller\ESP8266_Swimming_Pool_Controller.vcxproj", "{C5F80730-F44F-4478-BDAE-6634EFC2CA88}"
EndProject
Project("{8BC9CEB8-8B4A-11D0-8D11-00A0C91BC942}") = "DallasTemperature-3.9.0", "ESP8266_Swimming_Pool_Controller\Libraries\DallasTemperature\3.9.0\DallasTemperature\DallasTemperature-3.9.0.vcxitems", "{662CBB60-BDBB-49DE-9B44-487D19EACBC3}"
EndProject
Global
	GlobalSection(SharedMSBuildProjectFiles) = preSolution
		ESP8266_Swimming_Pool_Controller\Libraries\DallasTemperature\3.9.0\DallasTemperature\DallasTemperature-3.9.0.vcxitems*{662cbb60-bdbb-49de-9b44-487d19eacbc3}*SharedItemsImports = 9
		ESP8266_Swimming_Pool_Controller\Libraries\DallasTemperature\3.9.0\DallasTemperature\DallasTemperature-3.9.0.vcxitems*{c5f80730-f44f-4478-bdae-6634efc2ca88}*SharedItemsImports = 4
	EndGlobalSection
	GlobalSection(SolutionConfigurationPlatforms) = preSolution
		Debug|x86 = Debug|x86
		Release|x86 = Release|x86
	EndGlobalSection
	GlobalSection(ProjectConfigurationPlatforms) = postSolution
		{C5F80730-F44F-4478-BDAE-6634EFC2CA88}.Debug|x86.ActiveCfg = Debug|Win32
		{C5F80730-F44F-4478-BDAE-6634EFC2CA88}.Debug|x86.Build.0 = Debug|Win32
		{C5F80730-F44F-4478-BDAE-6634EFC2CA88}.Release|x86.ActiveCfg = Release|Win32
		{C5F80730-F44F-4478-BDAE-6634EFC2CA88}.Release|x86.Build.0 = Release|Win32
	EndGlobalSection
	GlobalSection(SolutionProperties) = preSolution
		HideSolutionNode = FALSE
	EndGlobalSection
	GlobalSection(ExtensibilityGlobals) = postSolution
		SolutionGuid = {2DF94D39-9E2F-483D-B957-8B3F83A88769}
	EndGlobalSection
EndGlobal
